// !$*UTF8*$!
{
	archiveVersion = 1;
	classes = {
	};
	objectVersion = 55;
	objects = {

/* Begin PBXBuildFile section */
		ED05E27C28413EEC00EA84DA /* AppDelegate.swift in Sources */ = {isa = PBXBuildFile; fileRef = ED05E27B28413EEC00EA84DA /* AppDelegate.swift */; };
		ED05E27E28413EEC00EA84DA /* SceneDelegate.swift in Sources */ = {isa = PBXBuildFile; fileRef = ED05E27D28413EEC00EA84DA /* SceneDelegate.swift */; };
		ED05E28028413EEC00EA84DA /* ViewController.swift in Sources */ = {isa = PBXBuildFile; fileRef = ED05E27F28413EEC00EA84DA /* ViewController.swift */; };
		ED05E28328413EEC00EA84DA /* Main.storyboard in Resources */ = {isa = PBXBuildFile; fileRef = ED05E28128413EEC00EA84DA /* Main.storyboard */; };
		ED05E28628413EEC00EA84DA /* GolfScorecard.xcdatamodeld in Sources */ = {isa = PBXBuildFile; fileRef = ED05E28428413EEC00EA84DA /* GolfScorecard.xcdatamodeld */; };
		ED05E28828413EEF00EA84DA /* Assets.xcassets in Resources */ = {isa = PBXBuildFile; fileRef = ED05E28728413EEF00EA84DA /* Assets.xcassets */; };
		ED05E28B28413EEF00EA84DA /* LaunchScreen.storyboard in Resources */ = {isa = PBXBuildFile; fileRef = ED05E28928413EEF00EA84DA /* LaunchScreen.storyboard */; };
/* End PBXBuildFile section */

/* Begin PBXFileReference section */
		ED05E27828413EEC00EA84DA /* GolfScorecard.app */ = {isa = PBXFileReference; explicitFileType = wrapper.application; includeInIndex = 0; path = GolfScorecard.app; sourceTree = BUILT_PRODUCTS_DIR; };
		ED05E27B28413EEC00EA84DA /* AppDelegate.swift */ = {isa = PBXFileReference; lastKnownFileType = sourcecode.swift; path = AppDelegate.swift; sourceTree = "<group>"; };
		ED05E27D28413EEC00EA84DA /* SceneDelegate.swift */ = {isa = PBXFileReference; lastKnownFileType = sourcecode.swift; path = SceneDelegate.swift; sourceTree = "<group>"; };
		ED05E27F28413EEC00EA84DA /* ViewController.swift */ = {isa = PBXFileReference; lastKnownFileType = sourcecode.swift; path = ViewController.swift; sourceTree = "<group>"; };
		ED05E28228413EEC00EA84DA /* Base */ = {isa = PBXFileReference; lastKnownFileType = file.storyboard; name = Base; path = Base.lproj/Main.storyboard; sourceTree = "<group>"; };
		ED05E28528413EEC00EA84DA /* GolfScorecard.xcdatamodel */ = {isa = PBXFileReference; lastKnownFileType = wrapper.xcdatamodel; path = GolfScorecard.xcdatamodel; sourceTree = "<group>"; };
		ED05E28728413EEF00EA84DA /* Assets.xcassets */ = {isa = PBXFileReference; lastKnownFileType = folder.assetcatalog; path = Assets.xcassets; sourceTree = "<group>"; };
		ED05E28A28413EEF00EA84DA /* Base */ = {isa = PBXFileReference; lastKnownFileType = file.storyboard; name = Base; path = Base.lproj/LaunchScreen.storyboard; sourceTree = "<group>"; };
		ED05E28C28413EEF00EA84DA /* Info.plist */ = {isa = PBXFileReference; lastKnownFileType = text.plist.xml; path = Info.plist; sourceTree = "<group>"; };
/* End PBXFileReference section */

/* Begin PBXFrameworksBuildPhase section */
		ED05E27528413EEC00EA84DA /* Frameworks */ = {
			isa = PBXFrameworksBuildPhase;
			buildActionMask = 2147483647;
			files = (
			);
			runOnlyForDeploymentPostprocessing = 0;
		};
/* End PBXFrameworksBuildPhase section */

/* Begin PBXGroup section */
		ED05E26F28413EEC00EA84DA = {
			isa = PBXGroup;
			children = (
				ED05E27A28413EEC00EA84DA /* GolfScorecard */,
				ED05E27928413EEC00EA84DA /* Products */,
			);
			sourceTree = "<group>";
		};
		ED05E27928413EEC00EA84DA /* Products */ = {
			isa = PBXGroup;
			children = (
				ED05E27828413EEC00EA84DA /* GolfScorecard.app */,
			);
			name = Products;
			sourceTree = "<group>";
		};
		ED05E27A28413EEC00EA84DA /* GolfScorecard */ = {
			isa = PBXGroup;
			children = (
				ED05E27B28413EEC00EA84DA /* AppDelegate.swift */,
				ED05E27D28413EEC00EA84DA /* SceneDelegate.swift */,
				ED05E27F28413EEC00EA84DA /* ViewController.swift */,
				ED05E28128413EEC00EA84DA /* Main.storyboard */,
				ED05E28728413EEF00EA84DA /* Assets.xcassets */,
				ED05E28928413EEF00EA84DA /* LaunchScreen.storyboard */,
				ED05E28C28413EEF00EA84DA /* Info.plist */,
				ED05E28428413EEC00EA84DA /* GolfScorecard.xcdatamodeld */,
			);
			path = GolfScorecard;
			sourceTree = "<group>";
		};
/* End PBXGroup section */

/* Begin PBXNativeTarget section */
		ED05E27728413EEC00EA84DA /* GolfScorecard */ = {
			isa = PBXNativeTarget;
			buildConfigurationList = ED05E28F28413EEF00EA84DA /* Build configuration list for PBXNativeTarget "GolfScorecard" */;
			buildPhases = (
				ED05E27428413EEC00EA84DA /* Sources */,
				ED05E27528413EEC00EA84DA /* Frameworks */,
				ED05E27628413EEC00EA84DA /* Resources */,
			);
			buildRules = (
			);
			dependencies = (
			);
			name = GolfScorecard;
			productName = GolfScorecard;
			productReference = ED05E27828413EEC00EA84DA /* GolfScorecard.app */;
			productType = "com.apple.product-type.application";
		};
/* End PBXNativeTarget section */

/* Begin PBXProject section */
		ED05E27028413EEC00EA84DA /* Project object */ = {
			isa = PBXProject;
			attributes = {
				BuildIndependentTargetsInParallel = 1;
				LastSwiftUpdateCheck = 1340;
				LastUpgradeCheck = 1340;
				TargetAttributes = {
					ED05E27728413EEC00EA84DA = {
						CreatedOnToolsVersion = 13.4;
					};
				};
			};
			buildConfigurationList = ED05E27328413EEC00EA84DA /* Build configuration list for PBXProject "GolfScorecard" */;
			compatibilityVersion = "Xcode 13.0";
			developmentRegion = en;
			hasScannedForEncodings = 0;
			knownRegions = (
				en,
				Base,
			);
			mainGroup = ED05E26F28413EEC00EA84DA;
			productRefGroup = ED05E27928413EEC00EA84DA /* Products */;
			projectDirPath = "";
			projectRoot = "";
			targets = (
				ED05E27728413EEC00EA84DA /* GolfScorecard */,
			);
		};
/* End PBXProject section */

/* Begin PBXResourcesBuildPhase section */
		ED05E27628413EEC00EA84DA /* Resources */ = {
			isa = PBXResourcesBuildPhase;
			buildActionMask = 2147483647;
			files = (
				ED05E28B28413EEF00EA84DA /* LaunchScreen.storyboard in Resources */,
				ED05E28828413EEF00EA84DA /* Assets.xcassets in Resources */,
				ED05E28328413EEC00EA84DA /* Main.storyboard in Resources */,
			);
			runOnlyForDeploymentPostprocessing = 0;
		};
/* End PBXResourcesBuildPhase section */

/* Begin PBXSourcesBuildPhase section */
		ED05E27428413EEC00EA84DA /* Sources */ = {
			isa = PBXSourcesBuildPhase;
			buildActionMask = 2147483647;
			files = (
				ED05E28628413EEC00EA84DA /* GolfScorecard.xcdatamodeld in Sources */,
				ED05E28028413EEC00EA84DA /* ViewController.swift in Sources */,
				ED05E27C28413EEC00EA84DA /* AppDelegate.swift in Sources */,
				ED05E27E28413EEC00EA84DA /* SceneDelegate.swift in Sources */,
			);
			runOnlyForDeploymentPostprocessing = 0;
		};
/* End PBXSourcesBuildPhase section */

/* Begin PBXVariantGroup section */
		ED05E28128413EEC00EA84DA /* Main.storyboard */ = {
			isa = PBXVariantGroup;
			children = (
				ED05E28228413EEC00EA84DA /* Base */,
			);
			name = Main.storyboard;
			sourceTree = "<group>";
		};
		ED05E28928413EEF00EA84DA /* LaunchScreen.storyboard */ = {
			isa = PBXVariantGroup;
			children = (
				ED05E28A28413EEF00EA84DA /* Base */,
			);
			name = LaunchScreen.storyboard;
			sourceTree = "<group>";
		};
/* End PBXVariantGroup section */

/* Begin XCBuildConfiguration section */
		ED05E28D28413EEF00EA84DA /* Debug */ = {
			isa = XCBuildConfiguration;
			buildSettings = {
				ALWAYS_SEARCH_USER_PATHS = NO;
				CLANG_ANALYZER_NONNULL = YES;
				CLANG_ANALYZER_NUMBER_OBJECT_CONVERSION = YES_AGGRESSIVE;
				CLANG_CXX_LANGUAGE_STANDARD = "gnu++17";
				CLANG_ENABLE_MODULES = YES;
				CLANG_ENABLE_OBJC_ARC = YES;
				CLANG_ENABLE_OBJC_WEAK = YES;
				CLANG_WARN_BLOCK_CAPTURE_AUTORELEASING = YES;
				CLANG_WARN_BOOL_CONVERSION = YES;
				CLANG_WARN_COMMA = YES;
				CLANG_WARN_CONSTANT_CONVERSION = YES;
				CLANG_WARN_DEPRECATED_OBJC_IMPLEMENTATIONS = YES;
				CLANG_WARN_DIRECT_OBJC_ISA_USAGE = YES_ERROR;
				CLANG_WARN_DOCUMENTATION_COMMENTS = YES;
				CLANG_WARN_EMPTY_BODY = YES;
				CLANG_WARN_ENUM_CONVERSION = YES;
				CLANG_WARN_INFINITE_RECURSION = YES;
				CLANG_WARN_INT_CONVERSION = YES;
				CLANG_WARN_NON_LITERAL_NULL_CONVERSION = YES;
				CLANG_WARN_OBJC_IMPLICIT_RETAIN_SELF = YES;
				CLANG_WARN_OBJC_LITERAL_CONVERSION = YES;
				CLANG_WARN_OBJC_ROOT_CLASS = YES_ERROR;
				CLANG_WARN_QUOTED_INCLUDE_IN_FRAMEWORK_HEADER = YES;
				CLANG_WARN_RANGE_LOOP_ANALYSIS = YES;
				CLANG_WARN_STRICT_PROTOTYPES = YES;
				CLANG_WARN_SUSPICIOUS_MOVE = YES;
				CLANG_WARN_UNGUARDED_AVAILABILITY = YES_AGGRESSIVE;
				CLANG_WARN_UNREACHABLE_CODE = YES;
				CLANG_WARN__DUPLICATE_METHOD_MATCH = YES;
				COPY_PHASE_STRIP = NO;
				DEBUG_INFORMATION_FORMAT = dwarf;
				ENABLE_STRICT_OBJC_MSGSEND = YES;
				ENABLE_TESTABILITY = YES;
				GCC_C_LANGUAGE_STANDARD = gnu11;
				GCC_DYNAMIC_NO_PIC = NO;
				GCC_NO_COMMON_BLOCKS = YES;
				GCC_OPTIMIZATION_LEVEL = 0;
				GCC_PREPROCESSOR_DEFINITIONS = (
					"DEBUG=1",
					"$(inherited)",
				);
				GCC_WARN_64_TO_32_BIT_CONVERSION = YES;
				GCC_WARN_ABOUT_RETURN_TYPE = YES_ERROR;
				GCC_WARN_UNDECLARED_SELECTOR = YES;
				GCC_WARN_UNINITIALIZED_AUTOS = YES_AGGRESSIVE;
				GCC_WARN_UNUSED_FUNCTION = YES;
				GCC_WARN_UNUSED_VARIABLE = YES;
				IPHONEOS_DEPLOYMENT_TARGET = 15.5;
				MTL_ENABLE_DEBUG_INFO = INCLUDE_SOURCE;
				MTL_FAST_MATH = YES;
				ONLY_ACTIVE_ARCH = YES;
				SDKROOT = iphoneos;
				SWIFT_ACTIVE_COMPILATION_CONDITIONS = DEBUG;
				SWIFT_OPTIMIZATION_LEVEL = "-Onone";
			};
			name = Debug;
		};
		ED05E28E28413EEF00EA84DA /* Release */ = {
			isa = XCBuildConfiguration;
			buildSettings = {
				ALWAYS_SEARCH_USER_PATHS = NO;
				CLANG_ANALYZER_NONNULL = YES;
				CLANG_ANALYZER_NUMBER_OBJECT_CONVERSION = YES_AGGRESSIVE;
				CLANG_CXX_LANGUAGE_STANDARD = "gnu++17";
				CLANG_ENABLE_MODULES = YES;
				CLANG_ENABLE_OBJC_ARC = YES;
				CLANG_ENABLE_OBJC_WEAK = YES;
				CLANG_WARN_BLOCK_CAPTURE_AUTORELEASING = YES;
				CLANG_WARN_BOOL_CONVERSION = YES;
				CLANG_WARN_COMMA = YES;
				CLANG_WARN_CONSTANT_CONVERSION = YES;
				CLANG_WARN_DEPRECATED_OBJC_IMPLEMENTATIONS = YES;
				CLANG_WARN_DIRECT_OBJC_ISA_USAGE = YES_ERROR;
				CLANG_WARN_DOCUMENTATION_COMMENTS = YES;
				CLANG_WARN_EMPTY_BODY = YES;
				CLANG_WARN_ENUM_CONVERSION = YES;
				CLANG_WARN_INFINITE_RECURSION = YES;
				CLANG_WARN_INT_CONVERSION = YES;
				CLANG_WARN_NON_LITERAL_NULL_CONVERSION = YES;
				CLANG_WARN_OBJC_IMPLICIT_RETAIN_SELF = YES;
				CLANG_WARN_OBJC_LITERAL_CONVERSION = YES;
				CLANG_WARN_OBJC_ROOT_CLASS = YES_ERROR;
				CLANG_WARN_QUOTED_INCLUDE_IN_FRAMEWORK_HEADER = YES;
				CLANG_WARN_RANGE_LOOP_ANALYSIS = YES;
				CLANG_WARN_STRICT_PROTOTYPES = YES;
				CLANG_WARN_SUSPICIOUS_MOVE = YES;
				CLANG_WARN_UNGUARDED_AVAILABILITY = YES_AGGRESSIVE;
				CLANG_WARN_UNREACHABLE_CODE = YES;
				CLANG_WARN__DUPLICATE_METHOD_MATCH = YES;
				COPY_PHASE_STRIP = NO;
				DEBUG_INFORMATION_FORMAT = "dwarf-with-dsym";
				ENABLE_NS_ASSERTIONS = NO;
				ENABLE_STRICT_OBJC_MSGSEND = YES;
				GCC_C_LANGUAGE_STANDARD = gnu11;
				GCC_NO_COMMON_BLOCKS = YES;
				GCC_WARN_64_TO_32_BIT_CONVERSION = YES;
				GCC_WARN_ABOUT_RETURN_TYPE = YES_ERROR;
				GCC_WARN_UNDECLARED_SELECTOR = YES;
				GCC_WARN_UNINITIALIZED_AUTOS = YES_AGGRESSIVE;
				GCC_WARN_UNUSED_FUNCTION = YES;
				GCC_WARN_UNUSED_VARIABLE = YES;
				IPHONEOS_DEPLOYMENT_TARGET = 15.5;
				MTL_ENABLE_DEBUG_INFO = NO;
				MTL_FAST_MATH = YES;
				SDKROOT = iphoneos;
				SWIFT_COMPILATION_MODE = wholemodule;
				SWIFT_OPTIMIZATION_LEVEL = "-O";
				VALIDATE_PRODUCT = YES;
			};
			name = Release;
		};
		ED05E29028413EEF00EA84DA /* Debug */ = {
			isa = XCBuildConfiguration;
			buildSettings = {
				ASSETCATALOG_COMPILER_APPICON_NAME = AppIcon;
				ASSETCATALOG_COMPILER_GLOBAL_ACCENT_COLOR_NAME = AccentColor;
				CODE_SIGN_STYLE = Automatic;
				CURRENT_PROJECT_VERSION = 1;
				DEVELOPMENT_TEAM = 73H3V93C3K;
				GENERATE_INFOPLIST_FILE = YES;
				INFOPLIST_FILE = GolfScorecard/Info.plist;
				INFOPLIST_KEY_UIApplicationSupportsIndirectInputEvents = YES;
				INFOPLIST_KEY_UILaunchStoryboardName = LaunchScreen;
				INFOPLIST_KEY_UIMainStoryboardFile = Main;
				INFOPLIST_KEY_UISupportedInterfaceOrientations_iPad = "UIInterfaceOrientationPortrait UIInterfaceOrientationPortraitUpsideDown UIInterfaceOrientationLandscapeLeft UIInterfaceOrientationLandscapeRight";
				INFOPLIST_KEY_UISupportedInterfaceOrientations_iPhone = "UIInterfaceOrientationPortrait UIInterfaceOrientationLandscapeLeft UIInterfaceOrientationLandscapeRight";
				LD_RUNPATH_SEARCH_PATHS = (
					"$(inherited)",
					"@executable_path/Frameworks",
				);
				MARKETING_VERSION = 1.0;
				PRODUCT_BUNDLE_IDENTIFIER = StormRushStudios.GolfScorecard;
				PRODUCT_NAME = "$(TARGET_NAME)";
				SWIFT_EMIT_LOC_STRINGS = YES;
				SWIFT_VERSION = 5.0;
				TARGETED_DEVICE_FAMILY = "1,2";
			};
			name = Debug;
		};
		ED05E29128413EEF00EA84DA /* Release */ = {
			isa = XCBuildConfiguration;
			buildSettings = {
				ASSETCATALOG_COMPILER_APPICON_NAME = AppIcon;
				ASSETCATALOG_COMPILER_GLOBAL_ACCENT_COLOR_NAME = AccentColor;
				CODE_SIGN_STYLE = Automatic;
				CURRENT_PROJECT_VERSION = 1;
				DEVELOPMENT_TEAM = 73H3V93C3K;
				GENERATE_INFOPLIST_FILE = YES;
				INFOPLIST_FILE = GolfScorecard/Info.plist;
				INFOPLIST_KEY_UIApplicationSupportsIndirectInputEvents = YES;
				INFOPLIST_KEY_UILaunchStoryboardName = LaunchScreen;
				INFOPLIST_KEY_UIMainStoryboardFile = Main;
				INFOPLIST_KEY_UISupportedInterfaceOrientations_iPad = "UIInterfaceOrientationPortrait UIInterfaceOrientationPortraitUpsideDown UIInterfaceOrientationLandscapeLeft UIInterfaceOrientationLandscapeRight";
				INFOPLIST_KEY_UISupportedInterfaceOrientations_iPhone = "UIInterfaceOrientationPortrait UIInterfaceOrientationLandscapeLeft UIInterfaceOrientationLandscapeRight";
				LD_RUNPATH_SEARCH_PATHS = (
					"$(inherited)",
					"@executable_path/Frameworks",
				);
				MARKETING_VERSION = 1.0;
				PRODUCT_BUNDLE_IDENTIFIER = StormRushStudios.GolfScorecard;
				PRODUCT_NAME = "$(TARGET_NAME)";
				SWIFT_EMIT_LOC_STRINGS = YES;
				SWIFT_VERSION = 5.0;
				TARGETED_DEVICE_FAMILY = "1,2";
			};
			name = Release;
		};
/* End XCBuildConfiguration section */

/* Begin XCConfigurationList section */
		ED05E27328413EEC00EA84DA /* Build configuration list for PBXProject "GolfScorecard" */ = {
			isa = XCConfigurationList;
			buildConfigurations = (
				ED05E28D28413EEF00EA84DA /* Debug */,
				ED05E28E28413EEF00EA84DA /* Release */,
			);
			defaultConfigurationIsVisible = 0;
			defaultConfigurationName = Release;
		};
		ED05E28F28413EEF00EA84DA /* Build configuration list for PBXNativeTarget "GolfScorecard" */ = {
			isa = XCConfigurationList;
			buildConfigurations = (
				ED05E29028413EEF00EA84DA /* Debug */,
				ED05E29128413EEF00EA84DA /* Release */,
			);
			defaultConfigurationIsVisible = 0;
			defaultConfigurationName = Release;
		};
/* End XCConfigurationList section */

/* Begin XCVersionGroup section */
		ED05E28428413EEC00EA84DA /* GolfScorecard.xcdatamodeld */ = {
			isa = XCVersionGroup;
			children = (
				ED05E28528413EEC00EA84DA /* GolfScorecard.xcdatamodel */,
			);
			currentVersion = ED05E28528413EEC00EA84DA /* GolfScorecard.xcdatamodel */;
			path = GolfScorecard.xcdatamodeld;
			sourceTree = "<group>";
			versionGroupType = wrapper.xcdatamodel;
		};
/* End XCVersionGroup section */
	};
	rootObject = ED05E27028413EEC00EA84DA /* Project object */;
}
